
Microsoft Visual Studio Solution File, Format Version 12.00
# Visual Studio Version 16
VisualStudioVersion = 16.0.31005.135
MinimumVisualStudioVersion = 10.0.40219.1
Project("{8BC9CEB8-8B4A-11D0-8D11-00A0C91BC942}") = "utils", "utils\utils.vcxproj", "{54C359E4-63DA-4116-B147-C421DF18D611}"
EndProject
Project("{8BC9CEB8-8B4A-11D0-8D11-00A0C91BC942}") = "diagnostics", "diagnostics\diagnostics.vcxproj", "{08354FCC-26C1-41E5-9B45-1409D3FC4170}"
EndProject
Project("{8BC9CEB8-8B4A-11D0-8D11-00A0C91BC942}") = "tests.utils", "tests\tests.utils\tests.utils.vcxproj", "{8EA8AA9F-5DDE-499E-A33A-265D699E9BB3}"
EndProject
Global
	GlobalSection(SolutionConfigurationPlatforms) = preSolution
		Debug|x64 = Debug|x64
		Debug|x86 = Debug|x86
		Release|x64 = Release|x64
		Release|x86 = Release|x86
	EndGlobalSection
	GlobalSection(ProjectConfigurationPlatforms) = postSolution
		{54C359E4-63DA-4116-B147-C421DF18D611}.Debug|x64.ActiveCfg = Debug|x64
		{54C359E4-63DA-4116-B147-C421DF18D611}.Debug|x64.Build.0 = Debug|x64
		{54C359E4-63DA-4116-B147-C421DF18D611}.Debug|x86.ActiveCfg = Debug|Win32
		{54C359E4-63DA-4116-B147-C421DF18D611}.Debug|x86.Build.0 = Debug|Win32
		{54C359E4-63DA-4116-B147-C421DF18D611}.Release|x64.ActiveCfg = Release|x64
		{54C359E4-63DA-4116-B147-C421DF18D611}.Release|x64.Build.0 = Release|x64
		{54C359E4-63DA-4116-B147-C421DF18D611}.Release|x86.ActiveCfg = Release|Win32
		{54C359E4-63DA-4116-B147-C421DF18D611}.Release|x86.Build.0 = Release|Win32
		{08354FCC-26C1-41E5-9B45-1409D3FC4170}.Debug|x64.ActiveCfg = Debug|x64
		{08354FCC-26C1-41E5-9B45-1409D3FC4170}.Debug|x64.Build.0 = Debug|x64
		{08354FCC-26C1-41E5-9B45-1409D3FC4170}.Debug|x86.ActiveCfg = Debug|Win32
		{08354FCC-26C1-41E5-9B45-1409D3FC4170}.Debug|x86.Build.0 = Debug|Win32
		{08354FCC-26C1-41E5-9B45-1409D3FC4170}.Release|x64.ActiveCfg = Release|x64
		{08354FCC-26C1-41E5-9B45-1409D3FC4170}.Release|x64.Build.0 = Release|x64
		{08354FCC-26C1-41E5-9B45-1409D3FC4170}.Release|x86.ActiveCfg = Release|Win32
		{08354FCC-26C1-41E5-9B45-1409D3FC4170}.Release|x86.Build.0 = Release|Win32
		{8EA8AA9F-5DDE-499E-A33A-265D699E9BB3}.Debug|x64.ActiveCfg = Debug|x64
		{8EA8AA9F-5DDE-499E-A33A-265D699E9BB3}.Debug|x64.Build.0 = Debug|x64
		{8EA8AA9F-5DDE-499E-A33A-265D699E9BB3}.Debug|x86.ActiveCfg = Debug|Win32
		{8EA8AA9F-5DDE-499E-A33A-265D699E9BB3}.Debug|x86.Build.0 = Debug|Win32
		{8EA8AA9F-5DDE-499E-A33A-265D699E9BB3}.Release|x64.ActiveCfg = Release|x64
		{8EA8AA9F-5DDE-499E-A33A-265D699E9BB3}.Release|x64.Build.0 = Release|x64
		{8EA8AA9F-5DDE-499E-A33A-265D699E9BB3}.Release|x86.ActiveCfg = Release|Win32
		{8EA8AA9F-5DDE-499E-A33A-265D699E9BB3}.Release|x86.Build.0 = Release|Win32
	EndGlobalSection
	GlobalSection(SolutionProperties) = preSolution
		HideSolutionNode = FALSE
	EndGlobalSection
	GlobalSection(ExtensibilityGlobals) = postSolution
		SolutionGuid = {3184BD17-9CFA-4DDC-B315-DDE8460262A8}
	EndGlobalSection
EndGlobal
